// !$*UTF8*$!
{
	archiveVersion = 1;
	classes = {
	};
	objectVersion = 50;
	objects = {

/* Begin PBXBuildFile section */
		224A2F2C24BDA07700C4EEBB /* AppDelegate.swift in Sources */ = {isa = PBXBuildFile; fileRef = 224A2F2B24BDA07700C4EEBB /* AppDelegate.swift */; };
		224A2F2E24BDA07700C4EEBB /* SceneDelegate.swift in Sources */ = {isa = PBXBuildFile; fileRef = 224A2F2D24BDA07700C4EEBB /* SceneDelegate.swift */; };
		224A2F3024BDA07700C4EEBB /* ViewController.swift in Sources */ = {isa = PBXBuildFile; fileRef = 224A2F2F24BDA07700C4EEBB /* ViewController.swift */; };
		224A2F3324BDA07700C4EEBB /* Main.storyboard in Resources */ = {isa = PBXBuildFile; fileRef = 224A2F3124BDA07700C4EEBB /* Main.storyboard */; };
		224A2F3524BDA07A00C4EEBB /* Assets.xcassets in Resources */ = {isa = PBXBuildFile; fileRef = 224A2F3424BDA07A00C4EEBB /* Assets.xcassets */; };
		224A2F3824BDA07A00C4EEBB /* LaunchScreen.storyboard in Resources */ = {isa = PBXBuildFile; fileRef = 224A2F3624BDA07A00C4EEBB /* LaunchScreen.storyboard */; };
/* End PBXBuildFile section */

/* Begin PBXFileReference section */
		224A2F2824BDA07700C4EEBB /* pan-gustures.app */ = {isa = PBXFileReference; explicitFileType = wrapper.application; includeInIndex = 0; path = "pan-gustures.app"; sourceTree = BUILT_PRODUCTS_DIR; };
		224A2F2B24BDA07700C4EEBB /* AppDelegate.swift */ = {isa = PBXFileReference; lastKnownFileType = sourcecode.swift; path = AppDelegate.swift; sourceTree = "<group>"; };
		224A2F2D24BDA07700C4EEBB /* SceneDelegate.swift */ = {isa = PBXFileReference; lastKnownFileType = sourcecode.swift; path = SceneDelegate.swift; sourceTree = "<group>"; };
		224A2F2F24BDA07700C4EEBB /* ViewController.swift */ = {isa = PBXFileReference; lastKnownFileType = sourcecode.swift; path = ViewController.swift; sourceTree = "<group>"; };
		224A2F3224BDA07700C4EEBB /* Base */ = {isa = PBXFileReference; lastKnownFileType = file.storyboard; name = Base; path = Base.lproj/Main.storyboard; sourceTree = "<group>"; };
		224A2F3424BDA07A00C4EEBB /* Assets.xcassets */ = {isa = PBXFileReference; lastKnownFileType = folder.assetcatalog; path = Assets.xcassets; sourceTree = "<group>"; };
		224A2F3724BDA07A00C4EEBB /* Base */ = {isa = PBXFileReference; lastKnownFileType = file.storyboard; name = Base; path = Base.lproj/LaunchScreen.storyboard; sourceTree = "<group>"; };
		224A2F3924BDA07A00C4EEBB /* Info.plist */ = {isa = PBXFileReference; lastKnownFileType = text.plist.xml; path = Info.plist; sourceTree = "<group>"; };
/* End PBXFileReference section */

/* Begin PBXFrameworksBuildPhase section */
		224A2F2524BDA07700C4EEBB /* Frameworks */ = {
			isa = PBXFrameworksBuildPhase;
			buildActionMask = 2147483647;
			files = (
			);
			runOnlyForDeploymentPostprocessing = 0;
		};
/* End PBXFrameworksBuildPhase section */

/* Begin PBXGroup section */
		224A2F1F24BDA07700C4EEBB = {
			isa = PBXGroup;
			children = (
				224A2F2A24BDA07700C4EEBB /* pan-gustures */,
				224A2F2924BDA07700C4EEBB /* Products */,
			);
			sourceTree = "<group>";
		};
		224A2F2924BDA07700C4EEBB /* Products */ = {
			isa = PBXGroup;
			children = (
				224A2F2824BDA07700C4EEBB /* pan-gustures.app */,
			);
			name = Products;
			sourceTree = "<group>";
		};
		224A2F2A24BDA07700C4EEBB /* pan-gustures */ = {
			isa = PBXGroup;
			children = (
				224A2F2B24BDA07700C4EEBB /* AppDelegate.swift */,
				224A2F2D24BDA07700C4EEBB /* SceneDelegate.swift */,
				224A2F2F24BDA07700C4EEBB /* ViewController.swift */,
				224A2F3124BDA07700C4EEBB /* Main.storyboard */,
				224A2F3424BDA07A00C4EEBB /* Assets.xcassets */,
				224A2F3624BDA07A00C4EEBB /* LaunchScreen.storyboard */,
				224A2F3924BDA07A00C4EEBB /* Info.plist */,
			);
			path = "pan-gustures";
			sourceTree = "<group>";
		};
/* End PBXGroup section */

/* Begin PBXNativeTarget section */
		224A2F2724BDA07700C4EEBB /* pan-gustures */ = {
			isa = PBXNativeTarget;
			buildConfigurationList = 224A2F3C24BDA07A00C4EEBB /* Build configuration list for PBXNativeTarget "pan-gustures" */;
			buildPhases = (
				224A2F2424BDA07700C4EEBB /* Sources */,
				224A2F2524BDA07700C4EEBB /* Frameworks */,
				224A2F2624BDA07700C4EEBB /* Resources */,
			);
			buildRules = (
			);
			dependencies = (
			);
			name = "pan-gustures";
			productName = "pan-gustures";
			productReference = 224A2F2824BDA07700C4EEBB /* pan-gustures.app */;
			productType = "com.apple.product-type.application";
		};
/* End PBXNativeTarget section */

/* Begin PBXProject section */
		224A2F2024BDA07700C4EEBB /* Project object */ = {
			isa = PBXProject;
			attributes = {
				LastSwiftUpdateCheck = 1120;
				LastUpgradeCheck = 1120;
				ORGANIZATIONNAME = macOS;
				TargetAttributes = {
					224A2F2724BDA07700C4EEBB = {
						CreatedOnToolsVersion = 11.2.1;
					};
				};
			};
			buildConfigurationList = 224A2F2324BDA07700C4EEBB /* Build configuration list for PBXProject "pan-gustures" */;
			compatibilityVersion = "Xcode 9.3";
			developmentRegion = en;
			hasScannedForEncodings = 0;
			knownRegions = (
				en,
				Base,
			);
			mainGroup = 224A2F1F24BDA07700C4EEBB;
			productRefGroup = 224A2F2924BDA07700C4EEBB /* Products */;
			projectDirPath = "";
			projectRoot = "";
			targets = (
				224A2F2724BDA07700C4EEBB /* pan-gustures */,
			);
		};
/* End PBXProject section */

/* Begin PBXResourcesBuildPhase section */
		224A2F2624BDA07700C4EEBB /* Resources */ = {
			isa = PBXResourcesBuildPhase;
			buildActionMask = 2147483647;
			files = (
				224A2F3824BDA07A00C4EEBB /* LaunchScreen.storyboard in Resources */,
				224A2F3524BDA07A00C4EEBB /* Assets.xcassets in Resources */,
				224A2F3324BDA07700C4EEBB /* Main.storyboard in Resources */,
			);
			runOnlyForDeploymentPostprocessing = 0;
		};
/* End PBXResourcesBuildPhase section */

/* Begin PBXSourcesBuildPhase section */
		224A2F2424BDA07700C4EEBB /* Sources */ = {
			isa = PBXSourcesBuildPhase;
			buildActionMask = 2147483647;
			files = (
				224A2F3024BDA07700C4EEBB /* ViewController.swift in Sources */,
				224A2F2C24BDA07700C4EEBB /* AppDelegate.swift in Sources */,
				224A2F2E24BDA07700C4EEBB /* SceneDelegate.swift in Sources */,
			);
			runOnlyForDeploymentPostprocessing = 0;
		};
/* End PBXSourcesBuildPhase section */

/* Begin PBXVariantGroup section */
		224A2F3124BDA07700C4EEBB /* Main.storyboard */ = {
			isa = PBXVariantGroup;
			children = (
				224A2F3224BDA07700C4EEBB /* Base */,
			);
			name = Main.storyboard;
			sourceTree = "<group>";
		};
		224A2F3624BDA07A00C4EEBB /* LaunchScreen.storyboard */ = {
			isa = PBXVariantGroup;
			children = (
				224A2F3724BDA07A00C4EEBB /* Base */,
			);
			name = LaunchScreen.storyboard;
			sourceTree = "<group>";
		};
/* End PBXVariantGroup section */

/* Begin XCBuildConfiguration section */
		224A2F3A24BDA07A00C4EEBB /* Debug */ = {
			isa = XCBuildConfiguration;
			buildSettings = {
				ALWAYS_SEARCH_USER_PATHS = NO;
				CLANG_ANALYZER_NONNULL = YES;
				CLANG_ANALYZER_NUMBER_OBJECT_CONVERSION = YES_AGGRESSIVE;
				CLANG_CXX_LANGUAGE_STANDARD = "gnu++14";
				CLANG_CXX_LIBRARY = "libc++";
				CLANG_ENABLE_MODULES = YES;
				CLANG_ENABLE_OBJC_ARC = YES;
				CLANG_ENABLE_OBJC_WEAK = YES;
				CLANG_WARN_BLOCK_CAPTURE_AUTORELEASING = YES;
				CLANG_WARN_BOOL_CONVERSION = YES;
				CLANG_WARN_COMMA = YES;
				CLANG_WARN_CONSTANT_CONVERSION = YES;
				CLANG_WARN_DEPRECATED_OBJC_IMPLEMENTATIONS = YES;
				CLANG_WARN_DIRECT_OBJC_ISA_USAGE = YES_ERROR;
				CLANG_WARN_DOCUMENTATION_COMMENTS = YES;
				CLANG_WARN_EMPTY_BODY = YES;
				CLANG_WARN_ENUM_CONVERSION = YES;
				CLANG_WARN_INFINITE_RECURSION = YES;
				CLANG_WARN_INT_CONVERSION = YES;
				CLANG_WARN_NON_LITERAL_NULL_CONVERSION = YES;
				CLANG_WARN_OBJC_IMPLICIT_RETAIN_SELF = YES;
				CLANG_WARN_OBJC_LITERAL_CONVERSION = YES;
				CLANG_WARN_OBJC_ROOT_CLASS = YES_ERROR;
				CLANG_WARN_RANGE_LOOP_ANALYSIS = YES;
				CLANG_WARN_STRICT_PROTOTYPES = YES;
				CLANG_WARN_SUSPICIOUS_MOVE = YES;
				CLANG_WARN_UNGUARDED_AVAILABILITY = YES_AGGRESSIVE;
				CLANG_WARN_UNREACHABLE_CODE = YES;
				CLANG_WARN__DUPLICATE_METHOD_MATCH = YES;
				COPY_PHASE_STRIP = NO;
				DEBUG_INFORMATION_FORMAT = dwarf;
				ENABLE_STRICT_OBJC_MSGSEND = YES;
				ENABLE_TESTABILITY = YES;
				GCC_C_LANGUAGE_STANDARD = gnu11;
				GCC_DYNAMIC_NO_PIC = NO;
				GCC_NO_COMMON_BLOCKS = YES;
				GCC_OPTIMIZATION_LEVEL = 0;
				GCC_PREPROCESSOR_DEFINITIONS = (
					"DEBUG=1",
					"$(inherited)",
				);
				GCC_WARN_64_TO_32_BIT_CONVERSION = YES;
				GCC_WARN_ABOUT_RETURN_TYPE = YES_ERROR;
				GCC_WARN_UNDECLARED_SELECTOR = YES;
				GCC_WARN_UNINITIALIZED_AUTOS = YES_AGGRESSIVE;
				GCC_WARN_UNUSED_FUNCTION = YES;
				GCC_WARN_UNUSED_VARIABLE = YES;
				IPHONEOS_DEPLOYMENT_TARGET = 13.2;
				MTL_ENABLE_DEBUG_INFO = INCLUDE_SOURCE;
				MTL_FAST_MATH = YES;
				ONLY_ACTIVE_ARCH = YES;
				SDKROOT = iphoneos;
				SWIFT_ACTIVE_COMPILATION_CONDITIONS = DEBUG;
				SWIFT_OPTIMIZATION_LEVEL = "-Onone";
			};
			name = Debug;
		};
		224A2F3B24BDA07A00C4EEBB /* Release */ = {
			isa = XCBuildConfiguration;
			buildSettings = {
				ALWAYS_SEARCH_USER_PATHS = NO;
				CLANG_ANALYZER_NONNULL = YES;
				CLANG_ANALYZER_NUMBER_OBJECT_CONVERSION = YES_AGGRESSIVE;
				CLANG_CXX_LANGUAGE_STANDARD = "gnu++14";
				CLANG_CXX_LIBRARY = "libc++";
				CLANG_ENABLE_MODULES = YES;
				CLANG_ENABLE_OBJC_ARC = YES;
				CLANG_ENABLE_OBJC_WEAK = YES;
				CLANG_WARN_BLOCK_CAPTURE_AUTORELEASING = YES;
				CLANG_WARN_BOOL_CONVERSION = YES;
				CLANG_WARN_COMMA = YES;
				CLANG_WARN_CONSTANT_CONVERSION = YES;
				CLANG_WARN_DEPRECATED_OBJC_IMPLEMENTATIONS = YES;
				CLANG_WARN_DIRECT_OBJC_ISA_USAGE = YES_ERROR;
				CLANG_WARN_DOCUMENTATION_COMMENTS = YES;
				CLANG_WARN_EMPTY_BODY = YES;
				CLANG_WARN_ENUM_CONVERSION = YES;
				CLANG_WARN_INFINITE_RECURSION = YES;
				CLANG_WARN_INT_CONVERSION = YES;
				CLANG_WARN_NON_LITERAL_NULL_CONVERSION = YES;
				CLANG_WARN_OBJC_IMPLICIT_RETAIN_SELF = YES;
				CLANG_WARN_OBJC_LITERAL_CONVERSION = YES;
				CLANG_WARN_OBJC_ROOT_CLASS = YES_ERROR;
				CLANG_WARN_RANGE_LOOP_ANALYSIS = YES;
				CLANG_WARN_STRICT_PROTOTYPES = YES;
				CLANG_WARN_SUSPICIOUS_MOVE = YES;
				CLANG_WARN_UNGUARDED_AVAILABILITY = YES_AGGRESSIVE;
				CLANG_WARN_UNREACHABLE_CODE = YES;
				CLANG_WARN__DUPLICATE_METHOD_MATCH = YES;
				COPY_PHASE_STRIP = NO;
				DEBUG_INFORMATION_FORMAT = "dwarf-with-dsym";
				ENABLE_NS_ASSERTIONS = NO;
				ENABLE_STRICT_OBJC_MSGSEND = YES;
				GCC_C_LANGUAGE_STANDARD = gnu11;
				GCC_NO_COMMON_BLOCKS = YES;
				GCC_WARN_64_TO_32_BIT_CONVERSION = YES;
				GCC_WARN_ABOUT_RETURN_TYPE = YES_ERROR;
				GCC_WARN_UNDECLARED_SELECTOR = YES;
				GCC_WARN_UNINITIALIZED_AUTOS = YES_AGGRESSIVE;
				GCC_WARN_UNUSED_FUNCTION = YES;
				GCC_WARN_UNUSED_VARIABLE = YES;
				IPHONEOS_DEPLOYMENT_TARGET = 13.2;
				MTL_ENABLE_DEBUG_INFO = NO;
				MTL_FAST_MATH = YES;
				SDKROOT = iphoneos;
				SWIFT_COMPILATION_MODE = wholemodule;
				SWIFT_OPTIMIZATION_LEVEL = "-O";
				VALIDATE_PRODUCT = YES;
			};
			name = Release;
		};
		224A2F3D24BDA07A00C4EEBB /* Debug */ = {
			isa = XCBuildConfiguration;
			buildSettings = {
				ASSETCATALOG_COMPILER_APPICON_NAME = AppIcon;
				CODE_SIGN_STYLE = Automatic;
				DEVELOPMENT_TEAM = 6JZQ36MHYK;
				INFOPLIST_FILE = "pan-gustures/Info.plist";
				LD_RUNPATH_SEARCH_PATHS = (
					"$(inherited)",
					"@executable_path/Frameworks",
				);
				PRODUCT_BUNDLE_IDENTIFIER = "MSU.pan-gustures";
				PRODUCT_NAME = "$(TARGET_NAME)";
				SWIFT_VERSION = 5.0;
				TARGETED_DEVICE_FAMILY = "1,2";
			};
			name = Debug;
		};
		224A2F3E24BDA07A00C4EEBB /* Release */ = {
			isa = XCBuildConfiguration;
			buildSettings = {
				ASSETCATALOG_COMPILER_APPICON_NAME = AppIcon;
				CODE_SIGN_STYLE = Automatic;
				DEVELOPMENT_TEAM = 6JZQ36MHYK;
				INFOPLIST_FILE = "pan-gustures/Info.plist";
				LD_RUNPATH_SEARCH_PATHS = (
					"$(inherited)",
					"@executable_path/Frameworks",
				);
				PRODUCT_BUNDLE_IDENTIFIER = "MSU.pan-gustures";
				PRODUCT_NAME = "$(TARGET_NAME)";
				SWIFT_VERSION = 5.0;
				TARGETED_DEVICE_FAMILY = "1,2";
			};
			name = Release;
		};
/* End XCBuildConfiguration section */

/* Begin XCConfigurationList section */
		224A2F2324BDA07700C4EEBB /* Build configuration list for PBXProject "pan-gustures" */ = {
			isa = XCConfigurationList;
			buildConfigurations = (
				224A2F3A24BDA07A00C4EEBB /* Debug */,
				224A2F3B24BDA07A00C4EEBB /* Release */,
			);
			defaultConfigurationIsVisible = 0;
			defaultConfigurationName = Release;
		};
		224A2F3C24BDA07A00C4EEBB /* Build configuration list for PBXNativeTarget "pan-gustures" */ = {
			isa = XCConfigurationList;
			buildConfigurations = (
				224A2F3D24BDA07A00C4EEBB /* Debug */,
				224A2F3E24BDA07A00C4EEBB /* Release */,
			);
			defaultConfigurationIsVisible = 0;
			defaultConfigurationName = Release;
		};
/* End XCConfigurationList section */
	};
	rootObject = 224A2F2024BDA07700C4EEBB /* Project object */;
}
